
Microsoft Visual Studio Solution File, Format Version 12.00
# Visual Studio Version 17
VisualStudioVersion = 17.4.33122.133
MinimumVisualStudioVersion = 10.0.40219.1
Project("{FAE04EC0-301F-11D3-BF4B-00C04F79EFBC}") = "ConsoleApp", "ConsoleApp\ConsoleApp.csproj", "{F1936431-B68F-4E3B-B415-C10170DED1E0}"
EndProject
Global
	GlobalSection(SolutionConfigurationPlatforms) = preSolution
		Debug|Any CPU = Debug|Any CPU
		Release|Any CPU = Release|Any CPU
	EndGlobalSection
	GlobalSection(ProjectConfigurationPlatforms) = postSolution
		{F1936431-B68F-4E3B-B415-C10170DED1E0}.Debug|Any CPU.ActiveCfg = Debug|Any CPU
		{F1936431-B68F-4E3B-B415-C10170DED1E0}.Debug|Any CPU.Build.0 = Debug|Any CPU
		{F1936431-B68F-4E3B-B415-C10170DED1E0}.Release|Any CPU.ActiveCfg = Release|Any CPU
		{F1936431-B68F-4E3B-B415-C10170DED1E0}.Release|Any CPU.Build.0 = Release|Any CPU
	EndGlobalSection
	GlobalSection(SolutionProperties) = preSolution
		HideSolutionNode = FALSE
	EndGlobalSection
	GlobalSection(ExtensibilityGlobals) = postSolution
		SolutionGuid = {226F55F5-1B55-408E-A55B-41779D52045B}
	EndGlobalSection
EndGlobal
